// !$*UTF8*$!
{
	archiveVersion = 1;
	classes = {
	};
	objectVersion = 50;
	objects = {

/* Begin PBXBuildFile section */
		E3234A0322B35A7C00CA53BD /* AppDelegate.swift in Sources */ = {isa = PBXBuildFile; fileRef = E3234A0222B35A7C00CA53BD /* AppDelegate.swift */; };
		E3234A0522B35A7C00CA53BD /* ViewController.swift in Sources */ = {isa = PBXBuildFile; fileRef = E3234A0422B35A7C00CA53BD /* ViewController.swift */; };
		E3234A0822B35A7C00CA53BD /* Main.storyboard in Resources */ = {isa = PBXBuildFile; fileRef = E3234A0622B35A7C00CA53BD /* Main.storyboard */; };
		E3234A0A22B35A7E00CA53BD /* Assets.xcassets in Resources */ = {isa = PBXBuildFile; fileRef = E3234A0922B35A7E00CA53BD /* Assets.xcassets */; };
		E3234A0D22B35A7E00CA53BD /* LaunchScreen.storyboard in Resources */ = {isa = PBXBuildFile; fileRef = E3234A0B22B35A7E00CA53BD /* LaunchScreen.storyboard */; };
		E3234A1B22B35ADE00CA53BD /* 01.png in Resources */ = {isa = PBXBuildFile; fileRef = E3234A1522B35ADD00CA53BD /* 01.png */; };
		E3234A1C22B35ADE00CA53BD /* 03.png in Resources */ = {isa = PBXBuildFile; fileRef = E3234A1622B35ADD00CA53BD /* 03.png */; };
		E3234A1D22B35ADE00CA53BD /* 02.png in Resources */ = {isa = PBXBuildFile; fileRef = E3234A1722B35ADD00CA53BD /* 02.png */; };
		E3234A1E22B35ADE00CA53BD /* 05.png in Resources */ = {isa = PBXBuildFile; fileRef = E3234A1822B35ADE00CA53BD /* 05.png */; };
		E3234A1F22B35ADE00CA53BD /* 06.png in Resources */ = {isa = PBXBuildFile; fileRef = E3234A1922B35ADE00CA53BD /* 06.png */; };
		E3234A2022B35ADE00CA53BD /* 04.png in Resources */ = {isa = PBXBuildFile; fileRef = E3234A1A22B35ADE00CA53BD /* 04.png */; };
/* End PBXBuildFile section */

/* Begin PBXFileReference section */
		E32349FF22B35A7C00CA53BD /* PageControl.app */ = {isa = PBXFileReference; explicitFileType = wrapper.application; includeInIndex = 0; path = PageControl.app; sourceTree = BUILT_PRODUCTS_DIR; };
		E3234A0222B35A7C00CA53BD /* AppDelegate.swift */ = {isa = PBXFileReference; lastKnownFileType = sourcecode.swift; path = AppDelegate.swift; sourceTree = "<group>"; };
		E3234A0422B35A7C00CA53BD /* ViewController.swift */ = {isa = PBXFileReference; lastKnownFileType = sourcecode.swift; path = ViewController.swift; sourceTree = "<group>"; };
		E3234A0722B35A7C00CA53BD /* Base */ = {isa = PBXFileReference; lastKnownFileType = file.storyboard; name = Base; path = Base.lproj/Main.storyboard; sourceTree = "<group>"; };
		E3234A0922B35A7E00CA53BD /* Assets.xcassets */ = {isa = PBXFileReference; lastKnownFileType = folder.assetcatalog; path = Assets.xcassets; sourceTree = "<group>"; };
		E3234A0C22B35A7E00CA53BD /* Base */ = {isa = PBXFileReference; lastKnownFileType = file.storyboard; name = Base; path = Base.lproj/LaunchScreen.storyboard; sourceTree = "<group>"; };
		E3234A0E22B35A7E00CA53BD /* Info.plist */ = {isa = PBXFileReference; lastKnownFileType = text.plist.xml; path = Info.plist; sourceTree = "<group>"; };
		E3234A1522B35ADD00CA53BD /* 01.png */ = {isa = PBXFileReference; lastKnownFileType = image.png; path = 01.png; sourceTree = "<group>"; };
		E3234A1622B35ADD00CA53BD /* 03.png */ = {isa = PBXFileReference; lastKnownFileType = image.png; path = 03.png; sourceTree = "<group>"; };
		E3234A1722B35ADD00CA53BD /* 02.png */ = {isa = PBXFileReference; lastKnownFileType = image.png; path = 02.png; sourceTree = "<group>"; };
		E3234A1822B35ADE00CA53BD /* 05.png */ = {isa = PBXFileReference; lastKnownFileType = image.png; path = 05.png; sourceTree = "<group>"; };
		E3234A1922B35ADE00CA53BD /* 06.png */ = {isa = PBXFileReference; lastKnownFileType = image.png; path = 06.png; sourceTree = "<group>"; };
		E3234A1A22B35ADE00CA53BD /* 04.png */ = {isa = PBXFileReference; lastKnownFileType = image.png; path = 04.png; sourceTree = "<group>"; };
/* End PBXFileReference section */

/* Begin PBXFrameworksBuildPhase section */
		E32349FC22B35A7C00CA53BD /* Frameworks */ = {
			isa = PBXFrameworksBuildPhase;
			buildActionMask = 2147483647;
			files = (
			);
			runOnlyForDeploymentPostprocessing = 0;
		};
/* End PBXFrameworksBuildPhase section */

/* Begin PBXGroup section */
		E32349F622B35A7C00CA53BD = {
			isa = PBXGroup;
			children = (
				E3234A0122B35A7C00CA53BD /* PageControl */,
				E3234A0022B35A7C00CA53BD /* Products */,
			);
			sourceTree = "<group>";
		};
		E3234A0022B35A7C00CA53BD /* Products */ = {
			isa = PBXGroup;
			children = (
				E32349FF22B35A7C00CA53BD /* PageControl.app */,
			);
			name = Products;
			sourceTree = "<group>";
		};
		E3234A0122B35A7C00CA53BD /* PageControl */ = {
			isa = PBXGroup;
			children = (
				E3234A1422B35AA300CA53BD /* images */,
				E3234A0222B35A7C00CA53BD /* AppDelegate.swift */,
				E3234A0422B35A7C00CA53BD /* ViewController.swift */,
				E3234A0922B35A7E00CA53BD /* Assets.xcassets */,
				E3234A0622B35A7C00CA53BD /* Main.storyboard */,
				E3234A0B22B35A7E00CA53BD /* LaunchScreen.storyboard */,
				E3234A0E22B35A7E00CA53BD /* Info.plist */,
			);
			path = PageControl;
			sourceTree = "<group>";
		};
		E3234A1422B35AA300CA53BD /* images */ = {
			isa = PBXGroup;
			children = (
				E3234A1522B35ADD00CA53BD /* 01.png */,
				E3234A1722B35ADD00CA53BD /* 02.png */,
				E3234A1622B35ADD00CA53BD /* 03.png */,
				E3234A1A22B35ADE00CA53BD /* 04.png */,
				E3234A1822B35ADE00CA53BD /* 05.png */,
				E3234A1922B35ADE00CA53BD /* 06.png */,
			);
			path = images;
			sourceTree = "<group>";
		};
/* End PBXGroup section */

/* Begin PBXNativeTarget section */
		E32349FE22B35A7C00CA53BD /* PageControl */ = {
			isa = PBXNativeTarget;
			buildConfigurationList = E3234A1122B35A7E00CA53BD /* Build configuration list for PBXNativeTarget "PageControl" */;
			buildPhases = (
				E32349FB22B35A7C00CA53BD /* Sources */,
				E32349FC22B35A7C00CA53BD /* Frameworks */,
				E32349FD22B35A7C00CA53BD /* Resources */,
			);
			buildRules = (
			);
			dependencies = (
			);
			name = PageControl;
			productName = PageControl;
			productReference = E32349FF22B35A7C00CA53BD /* PageControl.app */;
			productType = "com.apple.product-type.application";
		};
/* End PBXNativeTarget section */

/* Begin PBXProject section */
		E32349F722B35A7C00CA53BD /* Project object */ = {
			isa = PBXProject;
			attributes = {
				LastSwiftUpdateCheck = 1020;
				LastUpgradeCheck = 1020;
				ORGANIZATIONNAME = kingofahn;
				TargetAttributes = {
					E32349FE22B35A7C00CA53BD = {
						CreatedOnToolsVersion = 10.2.1;
					};
				};
			};
			buildConfigurationList = E32349FA22B35A7C00CA53BD /* Build configuration list for PBXProject "PageControl" */;
			compatibilityVersion = "Xcode 9.3";
			developmentRegion = en;
			hasScannedForEncodings = 0;
			knownRegions = (
				en,
				Base,
			);
			mainGroup = E32349F622B35A7C00CA53BD;
			productRefGroup = E3234A0022B35A7C00CA53BD /* Products */;
			projectDirPath = "";
			projectRoot = "";
			targets = (
				E32349FE22B35A7C00CA53BD /* PageControl */,
			);
		};
/* End PBXProject section */

/* Begin PBXResourcesBuildPhase section */
		E32349FD22B35A7C00CA53BD /* Resources */ = {
			isa = PBXResourcesBuildPhase;
			buildActionMask = 2147483647;
			files = (
				E3234A1C22B35ADE00CA53BD /* 03.png in Resources */,
				E3234A1E22B35ADE00CA53BD /* 05.png in Resources */,
				E3234A0D22B35A7E00CA53BD /* LaunchScreen.storyboard in Resources */,
				E3234A0A22B35A7E00CA53BD /* Assets.xcassets in Resources */,
				E3234A1B22B35ADE00CA53BD /* 01.png in Resources */,
				E3234A0822B35A7C00CA53BD /* Main.storyboard in Resources */,
				E3234A2022B35ADE00CA53BD /* 04.png in Resources */,
				E3234A1D22B35ADE00CA53BD /* 02.png in Resources */,
				E3234A1F22B35ADE00CA53BD /* 06.png in Resources */,
			);
			runOnlyForDeploymentPostprocessing = 0;
		};
/* End PBXResourcesBuildPhase section */

/* Begin PBXSourcesBuildPhase section */
		E32349FB22B35A7C00CA53BD /* Sources */ = {
			isa = PBXSourcesBuildPhase;
			buildActionMask = 2147483647;
			files = (
				E3234A0522B35A7C00CA53BD /* ViewController.swift in Sources */,
				E3234A0322B35A7C00CA53BD /* AppDelegate.swift in Sources */,
			);
			runOnlyForDeploymentPostprocessing = 0;
		};
/* End PBXSourcesBuildPhase section */

/* Begin PBXVariantGroup section */
		E3234A0622B35A7C00CA53BD /* Main.storyboard */ = {
			isa = PBXVariantGroup;
			children = (
				E3234A0722B35A7C00CA53BD /* Base */,
			);
			name = Main.storyboard;
			sourceTree = "<group>";
		};
		E3234A0B22B35A7E00CA53BD /* LaunchScreen.storyboard */ = {
			isa = PBXVariantGroup;
			children = (
				E3234A0C22B35A7E00CA53BD /* Base */,
			);
			name = LaunchScreen.storyboard;
			sourceTree = "<group>";
		};
/* End PBXVariantGroup section */

/* Begin XCBuildConfiguration section */
		E3234A0F22B35A7E00CA53BD /* Debug */ = {
			isa = XCBuildConfiguration;
			buildSettings = {
				ALWAYS_SEARCH_USER_PATHS = NO;
				CLANG_ANALYZER_NONNULL = YES;
				CLANG_ANALYZER_NUMBER_OBJECT_CONVERSION = YES_AGGRESSIVE;
				CLANG_CXX_LANGUAGE_STANDARD = "gnu++14";
				CLANG_CXX_LIBRARY = "libc++";
				CLANG_ENABLE_MODULES = YES;
				CLANG_ENABLE_OBJC_ARC = YES;
				CLANG_ENABLE_OBJC_WEAK = YES;
				CLANG_WARN_BLOCK_CAPTURE_AUTORELEASING = YES;
				CLANG_WARN_BOOL_CONVERSION = YES;
				CLANG_WARN_COMMA = YES;
				CLANG_WARN_CONSTANT_CONVERSION = YES;
				CLANG_WARN_DEPRECATED_OBJC_IMPLEMENTATIONS = YES;
				CLANG_WARN_DIRECT_OBJC_ISA_USAGE = YES_ERROR;
				CLANG_WARN_DOCUMENTATION_COMMENTS = YES;
				CLANG_WARN_EMPTY_BODY = YES;
				CLANG_WARN_ENUM_CONVERSION = YES;
				CLANG_WARN_INFINITE_RECURSION = YES;
				CLANG_WARN_INT_CONVERSION = YES;
				CLANG_WARN_NON_LITERAL_NULL_CONVERSION = YES;
				CLANG_WARN_OBJC_IMPLICIT_RETAIN_SELF = YES;
				CLANG_WARN_OBJC_LITERAL_CONVERSION = YES;
				CLANG_WARN_OBJC_ROOT_CLASS = YES_ERROR;
				CLANG_WARN_RANGE_LOOP_ANALYSIS = YES;
				CLANG_WARN_STRICT_PROTOTYPES = YES;
				CLANG_WARN_SUSPICIOUS_MOVE = YES;
				CLANG_WARN_UNGUARDED_AVAILABILITY = YES_AGGRESSIVE;
				CLANG_WARN_UNREACHABLE_CODE = YES;
				CLANG_WARN__DUPLICATE_METHOD_MATCH = YES;
				CODE_SIGN_IDENTITY = "iPhone Developer";
				COPY_PHASE_STRIP = NO;
				DEBUG_INFORMATION_FORMAT = dwarf;
				ENABLE_STRICT_OBJC_MSGSEND = YES;
				ENABLE_TESTABILITY = YES;
				GCC_C_LANGUAGE_STANDARD = gnu11;
				GCC_DYNAMIC_NO_PIC = NO;
				GCC_NO_COMMON_BLOCKS = YES;
				GCC_OPTIMIZATION_LEVEL = 0;
				GCC_PREPROCESSOR_DEFINITIONS = (
					"DEBUG=1",
					"$(inherited)",
				);
				GCC_WARN_64_TO_32_BIT_CONVERSION = YES;
				GCC_WARN_ABOUT_RETURN_TYPE = YES_ERROR;
				GCC_WARN_UNDECLARED_SELECTOR = YES;
				GCC_WARN_UNINITIALIZED_AUTOS = YES_AGGRESSIVE;
				GCC_WARN_UNUSED_FUNCTION = YES;
				GCC_WARN_UNUSED_VARIABLE = YES;
				IPHONEOS_DEPLOYMENT_TARGET = 12.2;
				MTL_ENABLE_DEBUG_INFO = INCLUDE_SOURCE;
				MTL_FAST_MATH = YES;
				ONLY_ACTIVE_ARCH = YES;
				SDKROOT = iphoneos;
				SWIFT_ACTIVE_COMPILATION_CONDITIONS = DEBUG;
				SWIFT_OPTIMIZATION_LEVEL = "-Onone";
			};
			name = Debug;
		};
		E3234A1022B35A7E00CA53BD /* Release */ = {
			isa = XCBuildConfiguration;
			buildSettings = {
				ALWAYS_SEARCH_USER_PATHS = NO;
				CLANG_ANALYZER_NONNULL = YES;
				CLANG_ANALYZER_NUMBER_OBJECT_CONVERSION = YES_AGGRESSIVE;
				CLANG_CXX_LANGUAGE_STANDARD = "gnu++14";
				CLANG_CXX_LIBRARY = "libc++";
				CLANG_ENABLE_MODULES = YES;
				CLANG_ENABLE_OBJC_ARC = YES;
				CLANG_ENABLE_OBJC_WEAK = YES;
				CLANG_WARN_BLOCK_CAPTURE_AUTORELEASING = YES;
				CLANG_WARN_BOOL_CONVERSION = YES;
				CLANG_WARN_COMMA = YES;
				CLANG_WARN_CONSTANT_CONVERSION = YES;
				CLANG_WARN_DEPRECATED_OBJC_IMPLEMENTATIONS = YES;
				CLANG_WARN_DIRECT_OBJC_ISA_USAGE = YES_ERROR;
				CLANG_WARN_DOCUMENTATION_COMMENTS = YES;
				CLANG_WARN_EMPTY_BODY = YES;
				CLANG_WARN_ENUM_CONVERSION = YES;
				CLANG_WARN_INFINITE_RECURSION = YES;
				CLANG_WARN_INT_CONVERSION = YES;
				CLANG_WARN_NON_LITERAL_NULL_CONVERSION = YES;
				CLANG_WARN_OBJC_IMPLICIT_RETAIN_SELF = YES;
				CLANG_WARN_OBJC_LITERAL_CONVERSION = YES;
				CLANG_WARN_OBJC_ROOT_CLASS = YES_ERROR;
				CLANG_WARN_RANGE_LOOP_ANALYSIS = YES;
				CLANG_WARN_STRICT_PROTOTYPES = YES;
				CLANG_WARN_SUSPICIOUS_MOVE = YES;
				CLANG_WARN_UNGUARDED_AVAILABILITY = YES_AGGRESSIVE;
				CLANG_WARN_UNREACHABLE_CODE = YES;
				CLANG_WARN__DUPLICATE_METHOD_MATCH = YES;
				CODE_SIGN_IDENTITY = "iPhone Developer";
				COPY_PHASE_STRIP = NO;
				DEBUG_INFORMATION_FORMAT = "dwarf-with-dsym";
				ENABLE_NS_ASSERTIONS = NO;
				ENABLE_STRICT_OBJC_MSGSEND = YES;
				GCC_C_LANGUAGE_STANDARD = gnu11;
				GCC_NO_COMMON_BLOCKS = YES;
				GCC_WARN_64_TO_32_BIT_CONVERSION = YES;
				GCC_WARN_ABOUT_RETURN_TYPE = YES_ERROR;
				GCC_WARN_UNDECLARED_SELECTOR = YES;
				GCC_WARN_UNINITIALIZED_AUTOS = YES_AGGRESSIVE;
				GCC_WARN_UNUSED_FUNCTION = YES;
				GCC_WARN_UNUSED_VARIABLE = YES;
				IPHONEOS_DEPLOYMENT_TARGET = 12.2;
				MTL_ENABLE_DEBUG_INFO = NO;
				MTL_FAST_MATH = YES;
				SDKROOT = iphoneos;
				SWIFT_COMPILATION_MODE = wholemodule;
				SWIFT_OPTIMIZATION_LEVEL = "-O";
				VALIDATE_PRODUCT = YES;
			};
			name = Release;
		};
		E3234A1222B35A7E00CA53BD /* Debug */ = {
			isa = XCBuildConfiguration;
			buildSettings = {
				ASSETCATALOG_COMPILER_APPICON_NAME = AppIcon;
				CODE_SIGN_STYLE = Automatic;
				INFOPLIST_FILE = PageControl/Info.plist;
				LD_RUNPATH_SEARCH_PATHS = (
					"$(inherited)",
					"@executable_path/Frameworks",
				);
				PRODUCT_BUNDLE_IDENTIFIER = com.kingOfAhnCompany.PageControl;
				PRODUCT_NAME = "$(TARGET_NAME)";
				SWIFT_VERSION = 5.0;
				TARGETED_DEVICE_FAMILY = "1,2";
			};
			name = Debug;
		};
		E3234A1322B35A7E00CA53BD /* Release */ = {
			isa = XCBuildConfiguration;
			buildSettings = {
				ASSETCATALOG_COMPILER_APPICON_NAME = AppIcon;
				CODE_SIGN_STYLE = Automatic;
				INFOPLIST_FILE = PageControl/Info.plist;
				LD_RUNPATH_SEARCH_PATHS = (
					"$(inherited)",
					"@executable_path/Frameworks",
				);
				PRODUCT_BUNDLE_IDENTIFIER = com.kingOfAhnCompany.PageControl;
				PRODUCT_NAME = "$(TARGET_NAME)";
				SWIFT_VERSION = 5.0;
				TARGETED_DEVICE_FAMILY = "1,2";
			};
			name = Release;
		};
/* End XCBuildConfiguration section */

/* Begin XCConfigurationList section */
		E32349FA22B35A7C00CA53BD /* Build configuration list for PBXProject "PageControl" */ = {
			isa = XCConfigurationList;
			buildConfigurations = (
				E3234A0F22B35A7E00CA53BD /* Debug */,
				E3234A1022B35A7E00CA53BD /* Release */,
			);
			defaultConfigurationIsVisible = 0;
			defaultConfigurationName = Release;
		};
		E3234A1122B35A7E00CA53BD /* Build configuration list for PBXNativeTarget "PageControl" */ = {
			isa = XCConfigurationList;
			buildConfigurations = (
				E3234A1222B35A7E00CA53BD /* Debug */,
				E3234A1322B35A7E00CA53BD /* Release */,
			);
			defaultConfigurationIsVisible = 0;
			defaultConfigurationName = Release;
		};
/* End XCConfigurationList section */
	};
	rootObject = E32349F722B35A7C00CA53BD /* Project object */;
}
